
Microsoft Visual Studio Solution File, Format Version 12.00
# Visual Studio Version 17
VisualStudioVersion = 17.4.33122.133
MinimumVisualStudioVersion = 10.0.40219.1
Project("{FAE04EC0-301F-11D3-BF4B-00C04F79EFBC}") = "ce100-hw1-algo-lib", "ce100-hw1-algo-lib\ce100-hw1-algo-lib.csproj", "{D18D2391-2EAB-4E14-BA97-8F12FE5953DE}"
EndProject
Global
	GlobalSection(SolutionConfigurationPlatforms) = preSolution
		Debug|Any CPU = Debug|Any CPU
		Release|Any CPU = Release|Any CPU
	EndGlobalSection
	GlobalSection(ProjectConfigurationPlatforms) = postSolution
		{D18D2391-2EAB-4E14-BA97-8F12FE5953DE}.Debug|Any CPU.ActiveCfg = Debug|Any CPU
		{D18D2391-2EAB-4E14-BA97-8F12FE5953DE}.Debug|Any CPU.Build.0 = Debug|Any CPU
		{D18D2391-2EAB-4E14-BA97-8F12FE5953DE}.Release|Any CPU.ActiveCfg = Release|Any CPU
		{D18D2391-2EAB-4E14-BA97-8F12FE5953DE}.Release|Any CPU.Build.0 = Release|Any CPU
	EndGlobalSection
	GlobalSection(SolutionProperties) = preSolution
		HideSolutionNode = FALSE
	EndGlobalSection
	GlobalSection(ExtensibilityGlobals) = postSolution
		SolutionGuid = {CC0EBEED-D9F1-4FBB-A49C-53DE94E82847}
	EndGlobalSection
EndGlobal
